{
  "nodes": {
    "nixpkgs": {
      "locked": {
        "lastModified": 1766025857,
        "narHash": "sha256-Lav5jJazCW4mdg1iHcROpuXqmM94BWJvabLFWaJVJp0=",
        "owner": "nixos",
        "repo": "nixpkgs",
        "rev": "def3da69945bbe338c373fddad5a1bb49cf199ce",
        "type": "github"
      },
      "original": {
        "owner": "nixos",
        "ref": "nixpkgs-unstable",
        "repo": "nixpkgs",
        "type": "github"
      }
    },
    "root": {
      "inputs": {
        "nixpkgs": "nixpkgs",
        "tigerbeetle-src": "tigerbeetle-src"
      }
    },
    "tigerbeetle-src": {
      "flake": false,
      "locked": {
        "lastModified": 1765821331,
        "narHash": "sha256-ifCIgW8vyXZuCXf6ZsRI9NXM5NLwD01DKlBn539V++c=",
        "owner": "tigerbeetle",
        "repo": "tigerbeetle",
        "rev": "2398229d5c1a83ae7091fe0f696207178de6d041",
        "type": "github"
      },
      "original": {
        "owner": "tigerbeetle",
        "ref": "refs/tags/0.16.67",
        "repo": "tigerbeetle",
        "type": "github"
      }
    }
  },
  "root": "root",
  "version": 7
}
